
Microsoft Visual Studio Solution File, Format Version 12.00
# Visual Studio Version 16
VisualStudioVersion = 16.0.30804.86
MinimumVisualStudioVersion = 10.0.40219.1
Project("{2150E333-8FDC-42A3-9474-1A3956D46DE8}") = "ShopManagement", "ShopManagement", "{B8178FC2-C292-458D-8B0B-C07EE6D0FAEB}"
EndProject
Project("{9A19103F-16F7-4668-BE54-9A1E7A4F7556}") = "ShopManagement.Domain", "ShopManagement.Domain\ShopManagement.Domain.csproj", "{8961251B-A300-4DCB-A9CD-B852899DCAE3}"
EndProject
Project("{9A19103F-16F7-4668-BE54-9A1E7A4F7556}") = "0_Framework", "0_Framework\0_Framework.csproj", "{F45D1676-F805-4F3C-B7CE-55D78B8A1953}"
EndProject
Project("{2150E333-8FDC-42A3-9474-1A3956D46DE8}") = "SM.Domain", "SM.Domain", "{2F8A842D-EA55-4FC0-B073-4F912AB5F751}"
EndProject
Project("{2150E333-8FDC-42A3-9474-1A3956D46DE8}") = "SM.Application", "SM.Application", "{ACB60796-5610-4BBA-829F-8BFF680DD840}"
EndProject
Project("{9A19103F-16F7-4668-BE54-9A1E7A4F7556}") = "ShopManagement.Application.Contracts", "ShopManagement.Application.Contracts\ShopManagement.Application.Contracts.csproj", "{192B45A7-78D6-4921-B2FE-ADC1175DC44E}"
EndProject
Project("{9A19103F-16F7-4668-BE54-9A1E7A4F7556}") = "ShopManagement.Application", "ShopManagement.Application\ShopManagement.Application.csproj", "{F765FABE-6D78-446B-97A1-F534439151A8}"
EndProject
Project("{2150E333-8FDC-42A3-9474-1A3956D46DE8}") = "SM.Infrastructure", "SM.Infrastructure", "{9400E6DF-1364-454E-87E8-6C266E9409E4}"
EndProject
Project("{9A19103F-16F7-4668-BE54-9A1E7A4F7556}") = "ShopManagement.Infrastructure.EfCore", "ShopManagement.Infrastructure.EfCore\ShopManagement.Infrastructure.EfCore.csproj", "{3FAC1FF3-9E46-4D17-804D-F7175302AA03}"
EndProject
Project("{9A19103F-16F7-4668-BE54-9A1E7A4F7556}") = "ShopManagement.Configuration", "ShopManagement.Configuration\ShopManagement.Configuration.csproj", "{BF0A7278-FAC1-47E4-8CB9-AF04476BD010}"
EndProject
Project("{9A19103F-16F7-4668-BE54-9A1E7A4F7556}") = "ServiceHost", "ServiceHost\ServiceHost.csproj", "{E34173D8-E2A4-4F80-A647-D259660C3FA8}"
EndProject
Project("{9A19103F-16F7-4668-BE54-9A1E7A4F7556}") = "01_OnlineShopQuery", "01_OnlineShopQuery\01_OnlineShopQuery.csproj", "{2D3CA4F1-1298-4A59-B257-B291AD3C94A0}"
EndProject
Project("{2150E333-8FDC-42A3-9474-1A3956D46DE8}") = "DiscountManagement", "DiscountManagement", "{2F01DB08-ECB8-4BAD-8ACE-224D36F7B1EE}"
EndProject
Project("{2150E333-8FDC-42A3-9474-1A3956D46DE8}") = "DM.Domain", "DM.Domain", "{2796A056-5F2F-4E87-9481-CDB1164CB29E}"
EndProject
Project("{9A19103F-16F7-4668-BE54-9A1E7A4F7556}") = "DiscountManagement.Domain", "DiscountManagement.Domain\DiscountManagement.Domain.csproj", "{8AFDA72B-5582-4531-90CA-1FEAC0B3DE24}"
EndProject
Project("{2150E333-8FDC-42A3-9474-1A3956D46DE8}") = "DM.Application", "DM.Application", "{DD5EE6D4-60C3-419E-9583-9CE373184FDC}"
EndProject
Project("{9A19103F-16F7-4668-BE54-9A1E7A4F7556}") = "DiscountManagement.Application.Contracts", "DiscountManagement.Application.Contracts\DiscountManagement.Application.Contracts.csproj", "{E596A335-5EC3-48D4-85D0-45FD25E982CB}"
EndProject
Project("{2150E333-8FDC-42A3-9474-1A3956D46DE8}") = "DM.Infrastructure", "DM.Infrastructure", "{AABA0653-4B0C-488B-96D2-5C34C7DBAA54}"
EndProject
Project("{9A19103F-16F7-4668-BE54-9A1E7A4F7556}") = "DiscountManagement.Infrastructure.EfCore", "DiscountManagement.Infrastructure.EfCore\DiscountManagement.Infrastructure.EfCore.csproj", "{E69FCAE0-386E-434C-BED3-F7C0EF667C2E}"
EndProject
Project("{9A19103F-16F7-4668-BE54-9A1E7A4F7556}") = "DiscountManagement.Application", "DiscountManagement.Application\DiscountManagement.Application.csproj", "{68E281B2-DD0F-4003-A76A-A851A609AF8F}"
EndProject
Project("{FAE04EC0-301F-11D3-BF4B-00C04F79EFBC}") = "DiscountManagement.Configuration", "DiscountManagement.Configuration\DiscountManagement.Configuration.csproj", "{E8F0384F-BFC2-45E0-A950-A76C1CA20BE1}"
EndProject
Global
	GlobalSection(SolutionConfigurationPlatforms) = preSolution
		Debug|Any CPU = Debug|Any CPU
		Release|Any CPU = Release|Any CPU
	EndGlobalSection
	GlobalSection(ProjectConfigurationPlatforms) = postSolution
		{8961251B-A300-4DCB-A9CD-B852899DCAE3}.Debug|Any CPU.ActiveCfg = Debug|Any CPU
		{8961251B-A300-4DCB-A9CD-B852899DCAE3}.Debug|Any CPU.Build.0 = Debug|Any CPU
		{8961251B-A300-4DCB-A9CD-B852899DCAE3}.Release|Any CPU.ActiveCfg = Release|Any CPU
		{8961251B-A300-4DCB-A9CD-B852899DCAE3}.Release|Any CPU.Build.0 = Release|Any CPU
		{F45D1676-F805-4F3C-B7CE-55D78B8A1953}.Debug|Any CPU.ActiveCfg = Debug|Any CPU
		{F45D1676-F805-4F3C-B7CE-55D78B8A1953}.Debug|Any CPU.Build.0 = Debug|Any CPU
		{F45D1676-F805-4F3C-B7CE-55D78B8A1953}.Release|Any CPU.ActiveCfg = Release|Any CPU
		{F45D1676-F805-4F3C-B7CE-55D78B8A1953}.Release|Any CPU.Build.0 = Release|Any CPU
		{192B45A7-78D6-4921-B2FE-ADC1175DC44E}.Debug|Any CPU.ActiveCfg = Debug|Any CPU
		{192B45A7-78D6-4921-B2FE-ADC1175DC44E}.Debug|Any CPU.Build.0 = Debug|Any CPU
		{192B45A7-78D6-4921-B2FE-ADC1175DC44E}.Release|Any CPU.ActiveCfg = Release|Any CPU
		{192B45A7-78D6-4921-B2FE-ADC1175DC44E}.Release|Any CPU.Build.0 = Release|Any CPU
		{F765FABE-6D78-446B-97A1-F534439151A8}.Debug|Any CPU.ActiveCfg = Debug|Any CPU
		{F765FABE-6D78-446B-97A1-F534439151A8}.Debug|Any CPU.Build.0 = Debug|Any CPU
		{F765FABE-6D78-446B-97A1-F534439151A8}.Release|Any CPU.ActiveCfg = Release|Any CPU
		{F765FABE-6D78-446B-97A1-F534439151A8}.Release|Any CPU.Build.0 = Release|Any CPU
		{3FAC1FF3-9E46-4D17-804D-F7175302AA03}.Debug|Any CPU.ActiveCfg = Debug|Any CPU
		{3FAC1FF3-9E46-4D17-804D-F7175302AA03}.Debug|Any CPU.Build.0 = Debug|Any CPU
		{3FAC1FF3-9E46-4D17-804D-F7175302AA03}.Release|Any CPU.ActiveCfg = Release|Any CPU
		{3FAC1FF3-9E46-4D17-804D-F7175302AA03}.Release|Any CPU.Build.0 = Release|Any CPU
		{BF0A7278-FAC1-47E4-8CB9-AF04476BD010}.Debug|Any CPU.ActiveCfg = Debug|Any CPU
		{BF0A7278-FAC1-47E4-8CB9-AF04476BD010}.Debug|Any CPU.Build.0 = Debug|Any CPU
		{BF0A7278-FAC1-47E4-8CB9-AF04476BD010}.Release|Any CPU.ActiveCfg = Release|Any CPU
		{BF0A7278-FAC1-47E4-8CB9-AF04476BD010}.Release|Any CPU.Build.0 = Release|Any CPU
		{E34173D8-E2A4-4F80-A647-D259660C3FA8}.Debug|Any CPU.ActiveCfg = Debug|Any CPU
		{E34173D8-E2A4-4F80-A647-D259660C3FA8}.Debug|Any CPU.Build.0 = Debug|Any CPU
		{E34173D8-E2A4-4F80-A647-D259660C3FA8}.Release|Any CPU.ActiveCfg = Release|Any CPU
		{E34173D8-E2A4-4F80-A647-D259660C3FA8}.Release|Any CPU.Build.0 = Release|Any CPU
		{2D3CA4F1-1298-4A59-B257-B291AD3C94A0}.Debug|Any CPU.ActiveCfg = Debug|Any CPU
		{2D3CA4F1-1298-4A59-B257-B291AD3C94A0}.Debug|Any CPU.Build.0 = Debug|Any CPU
		{2D3CA4F1-1298-4A59-B257-B291AD3C94A0}.Release|Any CPU.ActiveCfg = Release|Any CPU
		{2D3CA4F1-1298-4A59-B257-B291AD3C94A0}.Release|Any CPU.Build.0 = Release|Any CPU
		{8AFDA72B-5582-4531-90CA-1FEAC0B3DE24}.Debug|Any CPU.ActiveCfg = Debug|Any CPU
		{8AFDA72B-5582-4531-90CA-1FEAC0B3DE24}.Debug|Any CPU.Build.0 = Debug|Any CPU
		{8AFDA72B-5582-4531-90CA-1FEAC0B3DE24}.Release|Any CPU.ActiveCfg = Release|Any CPU
		{8AFDA72B-5582-4531-90CA-1FEAC0B3DE24}.Release|Any CPU.Build.0 = Release|Any CPU
		{E596A335-5EC3-48D4-85D0-45FD25E982CB}.Debug|Any CPU.ActiveCfg = Debug|Any CPU
		{E596A335-5EC3-48D4-85D0-45FD25E982CB}.Debug|Any CPU.Build.0 = Debug|Any CPU
		{E596A335-5EC3-48D4-85D0-45FD25E982CB}.Release|Any CPU.ActiveCfg = Release|Any CPU
		{E596A335-5EC3-48D4-85D0-45FD25E982CB}.Release|Any CPU.Build.0 = Release|Any CPU
		{E69FCAE0-386E-434C-BED3-F7C0EF667C2E}.Debug|Any CPU.ActiveCfg = Debug|Any CPU
		{E69FCAE0-386E-434C-BED3-F7C0EF667C2E}.Debug|Any CPU.Build.0 = Debug|Any CPU
		{E69FCAE0-386E-434C-BED3-F7C0EF667C2E}.Release|Any CPU.ActiveCfg = Release|Any CPU
		{E69FCAE0-386E-434C-BED3-F7C0EF667C2E}.Release|Any CPU.Build.0 = Release|Any CPU
		{68E281B2-DD0F-4003-A76A-A851A609AF8F}.Debug|Any CPU.ActiveCfg = Debug|Any CPU
		{68E281B2-DD0F-4003-A76A-A851A609AF8F}.Debug|Any CPU.Build.0 = Debug|Any CPU
		{68E281B2-DD0F-4003-A76A-A851A609AF8F}.Release|Any CPU.ActiveCfg = Release|Any CPU
		{68E281B2-DD0F-4003-A76A-A851A609AF8F}.Release|Any CPU.Build.0 = Release|Any CPU
		{E8F0384F-BFC2-45E0-A950-A76C1CA20BE1}.Debug|Any CPU.ActiveCfg = Debug|Any CPU
		{E8F0384F-BFC2-45E0-A950-A76C1CA20BE1}.Debug|Any CPU.Build.0 = Debug|Any CPU
		{E8F0384F-BFC2-45E0-A950-A76C1CA20BE1}.Release|Any CPU.ActiveCfg = Release|Any CPU
		{E8F0384F-BFC2-45E0-A950-A76C1CA20BE1}.Release|Any CPU.Build.0 = Release|Any CPU
	EndGlobalSection
	GlobalSection(SolutionProperties) = preSolution
		HideSolutionNode = FALSE
	EndGlobalSection
	GlobalSection(NestedProjects) = preSolution
		{8961251B-A300-4DCB-A9CD-B852899DCAE3} = {2F8A842D-EA55-4FC0-B073-4F912AB5F751}
		{2F8A842D-EA55-4FC0-B073-4F912AB5F751} = {B8178FC2-C292-458D-8B0B-C07EE6D0FAEB}
		{ACB60796-5610-4BBA-829F-8BFF680DD840} = {B8178FC2-C292-458D-8B0B-C07EE6D0FAEB}
		{192B45A7-78D6-4921-B2FE-ADC1175DC44E} = {ACB60796-5610-4BBA-829F-8BFF680DD840}
		{F765FABE-6D78-446B-97A1-F534439151A8} = {ACB60796-5610-4BBA-829F-8BFF680DD840}
		{9400E6DF-1364-454E-87E8-6C266E9409E4} = {B8178FC2-C292-458D-8B0B-C07EE6D0FAEB}
		{3FAC1FF3-9E46-4D17-804D-F7175302AA03} = {9400E6DF-1364-454E-87E8-6C266E9409E4}
		{BF0A7278-FAC1-47E4-8CB9-AF04476BD010} = {9400E6DF-1364-454E-87E8-6C266E9409E4}
		{2796A056-5F2F-4E87-9481-CDB1164CB29E} = {2F01DB08-ECB8-4BAD-8ACE-224D36F7B1EE}
		{8AFDA72B-5582-4531-90CA-1FEAC0B3DE24} = {2796A056-5F2F-4E87-9481-CDB1164CB29E}
		{DD5EE6D4-60C3-419E-9583-9CE373184FDC} = {2F01DB08-ECB8-4BAD-8ACE-224D36F7B1EE}
		{E596A335-5EC3-48D4-85D0-45FD25E982CB} = {DD5EE6D4-60C3-419E-9583-9CE373184FDC}
		{AABA0653-4B0C-488B-96D2-5C34C7DBAA54} = {2F01DB08-ECB8-4BAD-8ACE-224D36F7B1EE}
		{E69FCAE0-386E-434C-BED3-F7C0EF667C2E} = {AABA0653-4B0C-488B-96D2-5C34C7DBAA54}
		{68E281B2-DD0F-4003-A76A-A851A609AF8F} = {DD5EE6D4-60C3-419E-9583-9CE373184FDC}
		{E8F0384F-BFC2-45E0-A950-A76C1CA20BE1} = {AABA0653-4B0C-488B-96D2-5C34C7DBAA54}
	EndGlobalSection
	GlobalSection(ExtensibilityGlobals) = postSolution
		SolutionGuid = {2E8D8FDE-A524-42FE-8B25-E7050EC7D799}
	EndGlobalSection
EndGlobal
