
Microsoft Visual Studio Solution File, Format Version 12.00
# Visual Studio Version 16
VisualStudioVersion = 16.0.30804.86
MinimumVisualStudioVersion = 10.0.40219.1
Project("{2150E333-8FDC-42A3-9474-1A3956D46DE8}") = "ShopManagement", "ShopManagement", "{B8178FC2-C292-458D-8B0B-C07EE6D0FAEB}"
EndProject
Project("{9A19103F-16F7-4668-BE54-9A1E7A4F7556}") = "ShopManagement.Domain", "ShopManagement.Domain\ShopManagement.Domain.csproj", "{8961251B-A300-4DCB-A9CD-B852899DCAE3}"
EndProject
Project("{9A19103F-16F7-4668-BE54-9A1E7A4F7556}") = "0_Framework", "0_Framework\0_Framework.csproj", "{F45D1676-F805-4F3C-B7CE-55D78B8A1953}"
EndProject
Project("{2150E333-8FDC-42A3-9474-1A3956D46DE8}") = "SM.Domain", "SM.Domain", "{2F8A842D-EA55-4FC0-B073-4F912AB5F751}"
EndProject
Project("{2150E333-8FDC-42A3-9474-1A3956D46DE8}") = "SM.Application", "SM.Application", "{ACB60796-5610-4BBA-829F-8BFF680DD840}"
EndProject
Project("{9A19103F-16F7-4668-BE54-9A1E7A4F7556}") = "ShopManagement.Application.Contracts", "ShopManagement.Application.Contracts\ShopManagement.Application.Contracts.csproj", "{192B45A7-78D6-4921-B2FE-ADC1175DC44E}"
EndProject
Project("{9A19103F-16F7-4668-BE54-9A1E7A4F7556}") = "ShopManagement.Application", "ShopManagement.Application\ShopManagement.Application.csproj", "{F765FABE-6D78-446B-97A1-F534439151A8}"
EndProject
Project("{2150E333-8FDC-42A3-9474-1A3956D46DE8}") = "SM.Infrastructure", "SM.Infrastructure", "{9400E6DF-1364-454E-87E8-6C266E9409E4}"
EndProject
Project("{9A19103F-16F7-4668-BE54-9A1E7A4F7556}") = "ShopManagement.Infrastructure.EfCore", "ShopManagement.Infrastructure.EfCore\ShopManagement.Infrastructure.EfCore.csproj", "{3FAC1FF3-9E46-4D17-804D-F7175302AA03}"
EndProject
Project("{FAE04EC0-301F-11D3-BF4B-00C04F79EFBC}") = "ShopManagement.Configuration", "ShopManagement.Configuration\ShopManagement.Configuration.csproj", "{BF0A7278-FAC1-47E4-8CB9-AF04476BD010}"
EndProject
Global
	GlobalSection(SolutionConfigurationPlatforms) = preSolution
		Debug|Any CPU = Debug|Any CPU
		Release|Any CPU = Release|Any CPU
	EndGlobalSection
	GlobalSection(ProjectConfigurationPlatforms) = postSolution
		{8961251B-A300-4DCB-A9CD-B852899DCAE3}.Debug|Any CPU.ActiveCfg = Debug|Any CPU
		{8961251B-A300-4DCB-A9CD-B852899DCAE3}.Debug|Any CPU.Build.0 = Debug|Any CPU
		{8961251B-A300-4DCB-A9CD-B852899DCAE3}.Release|Any CPU.ActiveCfg = Release|Any CPU
		{8961251B-A300-4DCB-A9CD-B852899DCAE3}.Release|Any CPU.Build.0 = Release|Any CPU
		{F45D1676-F805-4F3C-B7CE-55D78B8A1953}.Debug|Any CPU.ActiveCfg = Debug|Any CPU
		{F45D1676-F805-4F3C-B7CE-55D78B8A1953}.Debug|Any CPU.Build.0 = Debug|Any CPU
		{F45D1676-F805-4F3C-B7CE-55D78B8A1953}.Release|Any CPU.ActiveCfg = Release|Any CPU
		{F45D1676-F805-4F3C-B7CE-55D78B8A1953}.Release|Any CPU.Build.0 = Release|Any CPU
		{192B45A7-78D6-4921-B2FE-ADC1175DC44E}.Debug|Any CPU.ActiveCfg = Debug|Any CPU
		{192B45A7-78D6-4921-B2FE-ADC1175DC44E}.Debug|Any CPU.Build.0 = Debug|Any CPU
		{192B45A7-78D6-4921-B2FE-ADC1175DC44E}.Release|Any CPU.ActiveCfg = Release|Any CPU
		{192B45A7-78D6-4921-B2FE-ADC1175DC44E}.Release|Any CPU.Build.0 = Release|Any CPU
		{F765FABE-6D78-446B-97A1-F534439151A8}.Debug|Any CPU.ActiveCfg = Debug|Any CPU
		{F765FABE-6D78-446B-97A1-F534439151A8}.Debug|Any CPU.Build.0 = Debug|Any CPU
		{F765FABE-6D78-446B-97A1-F534439151A8}.Release|Any CPU.ActiveCfg = Release|Any CPU
		{F765FABE-6D78-446B-97A1-F534439151A8}.Release|Any CPU.Build.0 = Release|Any CPU
		{3FAC1FF3-9E46-4D17-804D-F7175302AA03}.Debug|Any CPU.ActiveCfg = Debug|Any CPU
		{3FAC1FF3-9E46-4D17-804D-F7175302AA03}.Debug|Any CPU.Build.0 = Debug|Any CPU
		{3FAC1FF3-9E46-4D17-804D-F7175302AA03}.Release|Any CPU.ActiveCfg = Release|Any CPU
		{3FAC1FF3-9E46-4D17-804D-F7175302AA03}.Release|Any CPU.Build.0 = Release|Any CPU
		{BF0A7278-FAC1-47E4-8CB9-AF04476BD010}.Debug|Any CPU.ActiveCfg = Debug|Any CPU
		{BF0A7278-FAC1-47E4-8CB9-AF04476BD010}.Debug|Any CPU.Build.0 = Debug|Any CPU
		{BF0A7278-FAC1-47E4-8CB9-AF04476BD010}.Release|Any CPU.ActiveCfg = Release|Any CPU
		{BF0A7278-FAC1-47E4-8CB9-AF04476BD010}.Release|Any CPU.Build.0 = Release|Any CPU
	EndGlobalSection
	GlobalSection(SolutionProperties) = preSolution
		HideSolutionNode = FALSE
	EndGlobalSection
	GlobalSection(NestedProjects) = preSolution
		{8961251B-A300-4DCB-A9CD-B852899DCAE3} = {2F8A842D-EA55-4FC0-B073-4F912AB5F751}
		{2F8A842D-EA55-4FC0-B073-4F912AB5F751} = {B8178FC2-C292-458D-8B0B-C07EE6D0FAEB}
		{ACB60796-5610-4BBA-829F-8BFF680DD840} = {B8178FC2-C292-458D-8B0B-C07EE6D0FAEB}
		{192B45A7-78D6-4921-B2FE-ADC1175DC44E} = {ACB60796-5610-4BBA-829F-8BFF680DD840}
		{F765FABE-6D78-446B-97A1-F534439151A8} = {ACB60796-5610-4BBA-829F-8BFF680DD840}
		{9400E6DF-1364-454E-87E8-6C266E9409E4} = {B8178FC2-C292-458D-8B0B-C07EE6D0FAEB}
		{3FAC1FF3-9E46-4D17-804D-F7175302AA03} = {9400E6DF-1364-454E-87E8-6C266E9409E4}
		{BF0A7278-FAC1-47E4-8CB9-AF04476BD010} = {9400E6DF-1364-454E-87E8-6C266E9409E4}
	EndGlobalSection
	GlobalSection(ExtensibilityGlobals) = postSolution
		SolutionGuid = {2E8D8FDE-A524-42FE-8B25-E7050EC7D799}
	EndGlobalSection
EndGlobal
